
Microsoft Visual Studio Solution File, Format Version 12.00
# Visual Studio 15
VisualStudioVersion = 15.0.26730.3
MinimumVisualStudioVersion = 10.0.40219.1
Project("{FAE04EC0-301F-11D3-BF4B-00C04F79EFBC}") = "Exercise-01", "Exercise-01\Exercise-01.csproj", "{EF8D6875-BE14-41DA-B32F-A31AAB93A34C}"
EndProject
Project("{FAE04EC0-301F-11D3-BF4B-00C04F79EFBC}") = "Example02_WithInheritance", "Example02_WithInheritance\Example02_WithInheritance.csproj", "{C9F95CA7-C3A9-43E3-AD23-C0665C6B704E}"
EndProject
Project("{FAE04EC0-301F-11D3-BF4B-00C04F79EFBC}") = "AnimalDemo", "AnimalDemo\AnimalDemo.csproj", "{1ACB98B6-9C4C-4575-BFF7-12A26EEDEE82}"
EndProject
Global
	GlobalSection(SolutionConfigurationPlatforms) = preSolution
		Debug|Any CPU = Debug|Any CPU
		Release|Any CPU = Release|Any CPU
	EndGlobalSection
	GlobalSection(ProjectConfigurationPlatforms) = postSolution
		{EF8D6875-BE14-41DA-B32F-A31AAB93A34C}.Debug|Any CPU.ActiveCfg = Debug|Any CPU
		{EF8D6875-BE14-41DA-B32F-A31AAB93A34C}.Debug|Any CPU.Build.0 = Debug|Any CPU
		{EF8D6875-BE14-41DA-B32F-A31AAB93A34C}.Release|Any CPU.ActiveCfg = Release|Any CPU
		{EF8D6875-BE14-41DA-B32F-A31AAB93A34C}.Release|Any CPU.Build.0 = Release|Any CPU
		{C9F95CA7-C3A9-43E3-AD23-C0665C6B704E}.Debug|Any CPU.ActiveCfg = Debug|Any CPU
		{C9F95CA7-C3A9-43E3-AD23-C0665C6B704E}.Debug|Any CPU.Build.0 = Debug|Any CPU
		{C9F95CA7-C3A9-43E3-AD23-C0665C6B704E}.Release|Any CPU.ActiveCfg = Release|Any CPU
		{C9F95CA7-C3A9-43E3-AD23-C0665C6B704E}.Release|Any CPU.Build.0 = Release|Any CPU
		{1ACB98B6-9C4C-4575-BFF7-12A26EEDEE82}.Debug|Any CPU.ActiveCfg = Debug|Any CPU
		{1ACB98B6-9C4C-4575-BFF7-12A26EEDEE82}.Debug|Any CPU.Build.0 = Debug|Any CPU
		{1ACB98B6-9C4C-4575-BFF7-12A26EEDEE82}.Release|Any CPU.ActiveCfg = Release|Any CPU
		{1ACB98B6-9C4C-4575-BFF7-12A26EEDEE82}.Release|Any CPU.Build.0 = Release|Any CPU
	EndGlobalSection
	GlobalSection(SolutionProperties) = preSolution
		HideSolutionNode = FALSE
	EndGlobalSection
	GlobalSection(ExtensibilityGlobals) = postSolution
		SolutionGuid = {60BECC6F-9114-4781-9159-C7CFC0536917}
	EndGlobalSection
EndGlobal
