
Microsoft Visual Studio Solution File, Format Version 12.00
# Visual Studio 2012
Project("{FAE04EC0-301F-11D3-BF4B-00C04F79EFBC}") = "Exercise-01", "Exercise-01\Exercise-01.csproj", "{BC61A0E5-3579-4F3B-90F7-595397180DC9}"
EndProject
Project("{FAE04EC0-301F-11D3-BF4B-00C04F79EFBC}") = "Exercise-02", "Exercise-02\Exercise-02.csproj", "{756A9E7E-2B14-45E6-9059-89696E8127DD}"
EndProject
Project("{FAE04EC0-301F-11D3-BF4B-00C04F79EFBC}") = "Exercise-03", "Exercise-03\Exercise-03.csproj", "{D6B127E1-279B-4832-B94F-B8773D3B2C31}"
EndProject
Global
	GlobalSection(SolutionConfigurationPlatforms) = preSolution
		Debug|x86 = Debug|x86
		Release|x86 = Release|x86
	EndGlobalSection
	GlobalSection(ProjectConfigurationPlatforms) = postSolution
		{BC61A0E5-3579-4F3B-90F7-595397180DC9}.Debug|x86.ActiveCfg = Debug|x86
		{BC61A0E5-3579-4F3B-90F7-595397180DC9}.Debug|x86.Build.0 = Debug|x86
		{BC61A0E5-3579-4F3B-90F7-595397180DC9}.Release|x86.ActiveCfg = Release|x86
		{BC61A0E5-3579-4F3B-90F7-595397180DC9}.Release|x86.Build.0 = Release|x86
		{756A9E7E-2B14-45E6-9059-89696E8127DD}.Debug|x86.ActiveCfg = Debug|x86
		{756A9E7E-2B14-45E6-9059-89696E8127DD}.Debug|x86.Build.0 = Debug|x86
		{756A9E7E-2B14-45E6-9059-89696E8127DD}.Release|x86.ActiveCfg = Release|x86
		{756A9E7E-2B14-45E6-9059-89696E8127DD}.Release|x86.Build.0 = Release|x86
		{D6B127E1-279B-4832-B94F-B8773D3B2C31}.Debug|x86.ActiveCfg = Debug|x86
		{D6B127E1-279B-4832-B94F-B8773D3B2C31}.Debug|x86.Build.0 = Debug|x86
		{D6B127E1-279B-4832-B94F-B8773D3B2C31}.Release|x86.ActiveCfg = Release|x86
		{D6B127E1-279B-4832-B94F-B8773D3B2C31}.Release|x86.Build.0 = Release|x86
	EndGlobalSection
EndGlobal
